{"1.2.0",
[{<<"getopt">>,{pkg,<<"getopt">>,<<"1.0.1">>},1},
 {<<"jsone">>,{pkg,<<"jsone">>,<<"1.7.0">>},0},
 {<<"meck">>,{pkg,<<"meck">>,<<"0.9.2">>},0},
 {<<"providers">>,{pkg,<<"providers">>,<<"1.8.1">>},0}]}.
[
{pkg_hash,[
 {<<"getopt">>, <<"C73A9FA687B217F2FF79F68A3B637711BB1936E712B521D8CE466B29CBF7808A">>},
 {<<"jsone">>, <<"1E3BD7D5DD44BB2EB0797DDDEA1CBF2DDAB8D9F29E499A467CA171C23F5984EA">>},
 {<<"meck">>, <<"85CCBAB053F1DB86C7CA240E9FC718170EE5BDA03810A6292B5306BF31BAE5F5">>},
 {<<"providers">>, <<"70B4197869514344A8A60E2B2A4EF41CA03DEF43CFB1712ECF076A0F3C62F083">>}]},
{pkg_hash_ext,[
 {<<"getopt">>, <<"53E1AB83B9CEB65C9672D3E7A35B8092E9BDC9B3EE80721471A161C10C59959C">>},
 {<<"jsone">>, <<"A3A33712EE6BC8BE10CFA21C7C425A299DE4C5A8533F9F931E577A6D0E8F5DBD">>},
 {<<"meck">>, <<"81344F561357DC40A8344AFA53767C32669153355B626EA9FCBC8DA6B3045826">>},
 {<<"providers">>, <<"E45745ADE9C476A9A469EA0840E418AB19360DC44F01A233304E118A44486BA0">>}]}
].
